
Microsoft Visual Studio Solution File, Format Version 12.00
# Visual Studio 14
VisualStudioVersion = 14.0.25420.1
MinimumVisualStudioVersion = 10.0.40219.1
Project("{FAE04EC0-301F-11D3-BF4B-00C04F79EFBC}") = "LemonadeStand", "LemonadeStand\LemonadeStand.csproj", "{E7834768-33C4-4EBB-997B-06CB58F48F6C}"
EndProject
Project("{FAE04EC0-301F-11D3-BF4B-00C04F79EFBC}") = "LemonadeStandTesting", "LemonadeStandTesting\LemonadeStandTesting.csproj", "{0DF18237-7B98-497D-B79C-F91DE2011121}"
EndProject
Project("{F088123C-0E9E-452A-89E6-6BA2F21D5CAC}") = "ModelingProject1", "ModelingProject1\ModelingProject1.modelproj", "{B3825332-C513-4505-AB1B-591FCAE7B6B6}"
EndProject
Global
	GlobalSection(SolutionConfigurationPlatforms) = preSolution
		Debug|Any CPU = Debug|Any CPU
		Release|Any CPU = Release|Any CPU
	EndGlobalSection
	GlobalSection(ProjectConfigurationPlatforms) = postSolution
		{E7834768-33C4-4EBB-997B-06CB58F48F6C}.Debug|Any CPU.ActiveCfg = Debug|Any CPU
		{E7834768-33C4-4EBB-997B-06CB58F48F6C}.Debug|Any CPU.Build.0 = Debug|Any CPU
		{E7834768-33C4-4EBB-997B-06CB58F48F6C}.Release|Any CPU.ActiveCfg = Release|Any CPU
		{E7834768-33C4-4EBB-997B-06CB58F48F6C}.Release|Any CPU.Build.0 = Release|Any CPU
		{0DF18237-7B98-497D-B79C-F91DE2011121}.Debug|Any CPU.ActiveCfg = Debug|Any CPU
		{0DF18237-7B98-497D-B79C-F91DE2011121}.Debug|Any CPU.Build.0 = Debug|Any CPU
		{0DF18237-7B98-497D-B79C-F91DE2011121}.Release|Any CPU.ActiveCfg = Release|Any CPU
		{0DF18237-7B98-497D-B79C-F91DE2011121}.Release|Any CPU.Build.0 = Release|Any CPU
		{B3825332-C513-4505-AB1B-591FCAE7B6B6}.Debug|Any CPU.ActiveCfg = Debug|Any CPU
		{B3825332-C513-4505-AB1B-591FCAE7B6B6}.Debug|Any CPU.Build.0 = Debug|Any CPU
		{B3825332-C513-4505-AB1B-591FCAE7B6B6}.Release|Any CPU.ActiveCfg = Release|Any CPU
		{B3825332-C513-4505-AB1B-591FCAE7B6B6}.Release|Any CPU.Build.0 = Release|Any CPU
	EndGlobalSection
	GlobalSection(SolutionProperties) = preSolution
		HideSolutionNode = FALSE
	EndGlobalSection
EndGlobal
